PODS:
  - boost (1.76.0)
  - DoubleConversion (1.1.6)
  - FBLazyVector (0.69.8)
  - FBReactNativeSpec (0.69.8):
    - RCT-Folly (= 2021.06.28.00-v2)
    - RCTRequired (= 0.69.8)
    - RCTTypeSafety (= 0.69.8)
    - React-Core (= 0.69.8)
    - React-jsi (= 0.69.8)
    - ReactCommon/turbomodule/core (= 0.69.8)
  - fmt (6.2.1)
  - glog (0.3.5)
  - RCT-Folly (2021.06.28.00-v2):
    - boost
    - DoubleConversion
    - fmt (~> 6.2.1)
    - glog
    - RCT-Folly/Default (= 2021.06.28.00-v2)
  - RCT-Folly/Default (2021.06.28.00-v2):
    - boost
    - DoubleConversion
    - fmt (~> 6.2.1)
    - glog
  - RCTRequired (0.69.8)
  - RCTTypeSafety (0.69.8):
    - FBLazyVector (= 0.69.8)
    - RCTRequired (= 0.69.8)
    - React-Core (= 0.69.8)
  - React (0.69.8):
    - React-Core (= 0.69.8)
    - React-Core/DevSupport (= 0.69.8)
    - React-Core/RCTWebSocket (= 0.69.8)
    - React-RCTActionSheet (= 0.69.8)
    - React-RCTAnimation (= 0.69.8)
    - React-RCTBlob (= 0.69.8)
    - React-RCTImage (= 0.69.8)
    - React-RCTLinking (= 0.69.8)
    - React-RCTNetwork (= 0.69.8)
    - React-RCTSettings (= 0.69.8)
    - React-RCTText (= 0.69.8)
    - React-RCTVibration (= 0.69.8)
  - React-bridging (0.69.8):
    - RCT-Folly (= 2021.06.28.00-v2)
    - React-jsi (= 0.69.8)
  - React-callinvoker (0.69.8)
  - React-Codegen (0.69.8):
    - FBReactNativeSpec (= 0.69.8)
    - RCT-Folly (= 2021.06.28.00-v2)
    - RCTRequired (= 0.69.8)
    - RCTTypeSafety (= 0.69.8)
    - React-Core (= 0.69.8)
    - React-jsi (= 0.69.8)
    - React-jsiexecutor (= 0.69.8)
    - ReactCommon/turbomodule/core (= 0.69.8)
  - React-Core (0.69.8):
    - glog
    - RCT-Folly (= 2021.06.28.00-v2)
    - React-Core/Default (= 0.69.8)
    - React-cxxreact (= 0.69.8)
    - React-jsi (= 0.69.8)
    - React-jsiexecutor (= 0.69.8)
    - React-perflogger (= 0.69.8)
    - Yoga
  - React-Core/CoreModulesHeaders (0.69.8):
    - glog
    - RCT-Folly (= 2021.06.28.00-v2)
    - React-Core/Default
    - React-cxxreact (= 0.69.8)
    - React-jsi (= 0.69.8)
    - React-jsiexecutor (= 0.69.8)
    - React-perflogger (= 0.69.8)
    - Yoga
  - React-Core/Default (0.69.8):
    - glog
    - RCT-Folly (= 2021.06.28.00-v2)
    - React-cxxreact (= 0.69.8)
    - React-jsi (= 0.69.8)
    - React-jsiexecutor (= 0.69.8)
    - React-perflogger (= 0.69.8)
    - Yoga
  - React-Core/DevSupport (0.69.8):
    - glog
    - RCT-Folly (= 2021.06.28.00-v2)
    - React-Core/Default (= 0.69.8)
    - React-Core/RCTWebSocket (= 0.69.8)
    - React-cxxreact (= 0.69.8)
    - React-jsi (= 0.69.8)
    - React-jsiexecutor (= 0.69.8)
    - React-jsinspector (= 0.69.8)
    - React-perflogger (= 0.69.8)
    - Yoga
  - React-Core/RCTActionSheetHeaders (0.69.8):
    - glog
    - RCT-Folly (= 2021.06.28.00-v2)
    - React-Core/Default
    - React-cxxreact (= 0.69.8)
    - React-jsi (= 0.69.8)
    - React-jsiexecutor (= 0.69.8)
    - React-perflogger (= 0.69.8)
    - Yoga
  - React-Core/RCTAnimationHeaders (0.69.8):
    - glog
    - RCT-Folly (= 2021.06.28.00-v2)
    - React-Core/Default
    - React-cxxreact (= 0.69.8)
    - React-jsi (= 0.69.8)
    - React-jsiexecutor (= 0.69.8)
    - React-perflogger (= 0.69.8)
    - Yoga
  - React-Core/RCTBlobHeaders (0.69.8):
    - glog
    - RCT-Folly (= 2021.06.28.00-v2)
    - React-Core/Default
    - React-cxxreact (= 0.69.8)
    - React-jsi (= 0.69.8)
    - React-jsiexecutor (= 0.69.8)
    - React-perflogger (= 0.69.8)
    - Yoga
  - React-Core/RCTImageHeaders (0.69.8):
    - glog
    - RCT-Folly (= 2021.06.28.00-v2)
    - React-Core/Default
    - React-cxxreact (= 0.69.8)
    - React-jsi (= 0.69.8)
    - React-jsiexecutor (= 0.69.8)
    - React-perflogger (= 0.69.8)
    - Yoga
  - React-Core/RCTLinkingHeaders (0.69.8):
    - glog
    - RCT-Folly (= 2021.06.28.00-v2)
    - React-Core/Default
    - React-cxxreact (= 0.69.8)
    - React-jsi (= 0.69.8)
    - React-jsiexecutor (= 0.69.8)
    - React-perflogger (= 0.69.8)
    - Yoga
  - React-Core/RCTNetworkHeaders (0.69.8):
    - glog
    - RCT-Folly (= 2021.06.28.00-v2)
    - React-Core/Default
    - React-cxxreact (= 0.69.8)
    - React-jsi (= 0.69.8)
    - React-jsiexecutor (= 0.69.8)
    - React-perflogger (= 0.69.8)
    - Yoga
  - React-Core/RCTSettingsHeaders (0.69.8):
    - glog
    - RCT-Folly (= 2021.06.28.00-v2)
    - React-Core/Default
    - React-cxxreact (= 0.69.8)
    - React-jsi (= 0.69.8)
    - React-jsiexecutor (= 0.69.8)
    - React-perflogger (= 0.69.8)
    - Yoga
  - React-Core/RCTTextHeaders (0.69.8):
    - glog
    - RCT-Folly (= 2021.06.28.00-v2)
    - React-Core/Default
    - React-cxxreact (= 0.69.8)
    - React-jsi (= 0.69.8)
    - React-jsiexecutor (= 0.69.8)
    - React-perflogger (= 0.69.8)
    - Yoga
  - React-Core/RCTVibrationHeaders (0.69.8):
    - glog
    - RCT-Folly (= 2021.06.28.00-v2)
    - React-Core/Default
    - React-cxxreact (= 0.69.8)
    - React-jsi (= 0.69.8)
    - React-jsiexecutor (= 0.69.8)
    - React-perflogger (= 0.69.8)
    - Yoga
  - React-Core/RCTWebSocket (0.69.8):
    - glog
    - RCT-Folly (= 2021.06.28.00-v2)
    - React-Core/Default (= 0.69.8)
    - React-cxxreact (= 0.69.8)
    - React-jsi (= 0.69.8)
    - React-jsiexecutor (= 0.69.8)
    - React-perflogger (= 0.69.8)
    - Yoga
  - React-CoreModules (0.69.8):
    - RCT-Folly (= 2021.06.28.00-v2)
    - RCTTypeSafety (= 0.69.8)
    - React-Codegen (= 0.69.8)
    - React-Core/CoreModulesHeaders (= 0.69.8)
    - React-jsi (= 0.69.8)
    - React-RCTImage (= 0.69.8)
    - ReactCommon/turbomodule/core (= 0.69.8)
  - React-cxxreact (0.69.8):
    - boost (= 1.76.0)
    - DoubleConversion
    - glog
    - RCT-Folly (= 2021.06.28.00-v2)
    - React-callinvoker (= 0.69.8)
    - React-jsi (= 0.69.8)
    - React-jsinspector (= 0.69.8)
    - React-logger (= 0.69.8)
    - React-perflogger (= 0.69.8)
    - React-runtimeexecutor (= 0.69.8)
  - React-jsi (0.69.8):
    - boost (= 1.76.0)
    - DoubleConversion
    - glog
    - RCT-Folly (= 2021.06.28.00-v2)
    - React-jsi/Default (= 0.69.8)
  - React-jsi/Default (0.69.8):
    - boost (= 1.76.0)
    - DoubleConversion
    - glog
    - RCT-Folly (= 2021.06.28.00-v2)
  - React-jsiexecutor (0.69.8):
    - DoubleConversion
    - glog
    - RCT-Folly (= 2021.06.28.00-v2)
    - React-cxxreact (= 0.69.8)
    - React-jsi (= 0.69.8)
    - React-perflogger (= 0.69.8)
  - React-jsinspector (0.69.8)
  - React-logger (0.69.8):
    - glog
  - react-native-safe-area-context (4.8.2):
    - React-Core
  - react-native-update (10.10.0):
    - React
    - React-Core
    - react-native-update/HDiffPatch (= 10.10.0)
    - react-native-update/RCTPushy (= 10.10.0)
    - SSZipArchive
  - react-native-update/HDiffPatch (10.10.0):
    - React
    - React-Core
    - SSZipArchive
  - react-native-update/RCTPushy (10.10.0):
    - React
    - React-Core
    - SSZipArchive
  - React-perflogger (0.69.8)
  - React-RCTActionSheet (0.69.8):
    - React-Core/RCTActionSheetHeaders (= 0.69.8)
  - React-RCTAnimation (0.69.8):
    - RCT-Folly (= 2021.06.28.00-v2)
    - RCTTypeSafety (= 0.69.8)
    - React-Codegen (= 0.69.8)
    - React-Core/RCTAnimationHeaders (= 0.69.8)
    - React-jsi (= 0.69.8)
    - ReactCommon/turbomodule/core (= 0.69.8)
  - React-RCTBlob (0.69.8):
    - RCT-Folly (= 2021.06.28.00-v2)
    - React-Codegen (= 0.69.8)
    - React-Core/RCTBlobHeaders (= 0.69.8)
    - React-Core/RCTWebSocket (= 0.69.8)
    - React-jsi (= 0.69.8)
    - React-RCTNetwork (= 0.69.8)
    - ReactCommon/turbomodule/core (= 0.69.8)
  - React-RCTImage (0.69.8):
    - RCT-Folly (= 2021.06.28.00-v2)
    - RCTTypeSafety (= 0.69.8)
    - React-Codegen (= 0.69.8)
    - React-Core/RCTImageHeaders (= 0.69.8)
    - React-jsi (= 0.69.8)
    - React-RCTNetwork (= 0.69.8)
    - ReactCommon/turbomodule/core (= 0.69.8)
  - React-RCTLinking (0.69.8):
    - React-Codegen (= 0.69.8)
    - React-Core/RCTLinkingHeaders (= 0.69.8)
    - React-jsi (= 0.69.8)
    - ReactCommon/turbomodule/core (= 0.69.8)
  - React-RCTNetwork (0.69.8):
    - RCT-Folly (= 2021.06.28.00-v2)
    - RCTTypeSafety (= 0.69.8)
    - React-Codegen (= 0.69.8)
    - React-Core/RCTNetworkHeaders (= 0.69.8)
    - React-jsi (= 0.69.8)
    - ReactCommon/turbomodule/core (= 0.69.8)
  - React-RCTSettings (0.69.8):
    - RCT-Folly (= 2021.06.28.00-v2)
    - RCTTypeSafety (= 0.69.8)
    - React-Codegen (= 0.69.8)
    - React-Core/RCTSettingsHeaders (= 0.69.8)
    - React-jsi (= 0.69.8)
    - ReactCommon/turbomodule/core (= 0.69.8)
  - React-RCTText (0.69.8):
    - React-Core/RCTTextHeaders (= 0.69.8)
  - React-RCTVibration (0.69.8):
    - RCT-Folly (= 2021.06.28.00-v2)
    - React-Codegen (= 0.69.8)
    - React-Core/RCTVibrationHeaders (= 0.69.8)
    - React-jsi (= 0.69.8)
    - ReactCommon/turbomodule/core (= 0.69.8)
  - React-runtimeexecutor (0.69.8):
    - React-jsi (= 0.69.8)
  - ReactCommon/turbomodule/core (0.69.8):
    - DoubleConversion
    - glog
    - RCT-Folly (= 2021.06.28.00-v2)
    - React-bridging (= 0.69.8)
    - React-callinvoker (= 0.69.8)
    - React-Core (= 0.69.8)
    - React-cxxreact (= 0.69.8)
    - React-jsi (= 0.69.8)
    - React-logger (= 0.69.8)
    - React-perflogger (= 0.69.8)
  - ReactNativeCameraKit (14.0.0-beta9):
    - React-Core
  - RNVectorIcons (10.0.3):
    - React-Core
  - SSZipArchive (2.4.3)
  - Yoga (1.14.0)

DEPENDENCIES:
  - boost (from `../node_modules/react-native/third-party-podspecs/boost.podspec`)
  - DoubleConversion (from `../node_modules/react-native/third-party-podspecs/DoubleConversion.podspec`)
  - FBLazyVector (from `../node_modules/react-native/Libraries/FBLazyVector`)
  - FBReactNativeSpec (from `../node_modules/react-native/React/FBReactNativeSpec`)
  - glog (from `../node_modules/react-native/third-party-podspecs/glog.podspec`)
  - RCT-Folly (from `../node_modules/react-native/third-party-podspecs/RCT-Folly.podspec`)
  - RCTRequired (from `../node_modules/react-native/Libraries/RCTRequired`)
  - RCTTypeSafety (from `../node_modules/react-native/Libraries/TypeSafety`)
  - React (from `../node_modules/react-native/`)
  - React-bridging (from `../node_modules/react-native/ReactCommon`)
  - React-callinvoker (from `../node_modules/react-native/ReactCommon/callinvoker`)
  - React-Codegen (from `build/generated/ios`)
  - React-Core (from `../node_modules/react-native/`)
  - React-Core/RCTWebSocket (from `../node_modules/react-native/`)
  - React-CoreModules (from `../node_modules/react-native/React/CoreModules`)
  - React-cxxreact (from `../node_modules/react-native/ReactCommon/cxxreact`)
  - React-jsi (from `../node_modules/react-native/ReactCommon/jsi`)
  - React-jsiexecutor (from `../node_modules/react-native/ReactCommon/jsiexecutor`)
  - React-jsinspector (from `../node_modules/react-native/ReactCommon/jsinspector`)
  - React-logger (from `../node_modules/react-native/ReactCommon/logger`)
  - react-native-safe-area-context (from `../node_modules/react-native-safe-area-context`)
  - react-native-update (from `../node_modules/react-native-update`)
  - React-perflogger (from `../node_modules/react-native/ReactCommon/reactperflogger`)
  - React-RCTActionSheet (from `../node_modules/react-native/Libraries/ActionSheetIOS`)
  - React-RCTAnimation (from `../node_modules/react-native/Libraries/NativeAnimation`)
  - React-RCTBlob (from `../node_modules/react-native/Libraries/Blob`)
  - React-RCTImage (from `../node_modules/react-native/Libraries/Image`)
  - React-RCTLinking (from `../node_modules/react-native/Libraries/LinkingIOS`)
  - React-RCTNetwork (from `../node_modules/react-native/Libraries/Network`)
  - React-RCTSettings (from `../node_modules/react-native/Libraries/Settings`)
  - React-RCTText (from `../node_modules/react-native/Libraries/Text`)
  - React-RCTVibration (from `../node_modules/react-native/Libraries/Vibration`)
  - React-runtimeexecutor (from `../node_modules/react-native/ReactCommon/runtimeexecutor`)
  - ReactCommon/turbomodule/core (from `../node_modules/react-native/ReactCommon`)
  - ReactNativeCameraKit (from `../node_modules/react-native-camera-kit`)
  - RNVectorIcons (from `../node_modules/react-native-vector-icons`)
  - Yoga (from `../node_modules/react-native/ReactCommon/yoga`)

SPEC REPOS:
  trunk:
    - fmt
    - SSZipArchive

EXTERNAL SOURCES:
  boost:
    :podspec: "../node_modules/react-native/third-party-podspecs/boost.podspec"
  DoubleConversion:
    :podspec: "../node_modules/react-native/third-party-podspecs/DoubleConversion.podspec"
  FBLazyVector:
    :path: "../node_modules/react-native/Libraries/FBLazyVector"
  FBReactNativeSpec:
    :path: "../node_modules/react-native/React/FBReactNativeSpec"
  glog:
    :podspec: "../node_modules/react-native/third-party-podspecs/glog.podspec"
  RCT-Folly:
    :podspec: "../node_modules/react-native/third-party-podspecs/RCT-Folly.podspec"
  RCTRequired:
    :path: "../node_modules/react-native/Libraries/RCTRequired"
  RCTTypeSafety:
    :path: "../node_modules/react-native/Libraries/TypeSafety"
  React:
    :path: "../node_modules/react-native/"
  React-bridging:
    :path: "../node_modules/react-native/ReactCommon"
  React-callinvoker:
    :path: "../node_modules/react-native/ReactCommon/callinvoker"
  React-Codegen:
    :path: build/generated/ios
  React-Core:
    :path: "../node_modules/react-native/"
  React-CoreModules:
    :path: "../node_modules/react-native/React/CoreModules"
  React-cxxreact:
    :path: "../node_modules/react-native/ReactCommon/cxxreact"
  React-jsi:
    :path: "../node_modules/react-native/ReactCommon/jsi"
  React-jsiexecutor:
    :path: "../node_modules/react-native/ReactCommon/jsiexecutor"
  React-jsinspector:
    :path: "../node_modules/react-native/ReactCommon/jsinspector"
  React-logger:
    :path: "../node_modules/react-native/ReactCommon/logger"
  react-native-safe-area-context:
    :path: "../node_modules/react-native-safe-area-context"
  react-native-update:
    :path: "../node_modules/react-native-update"
  React-perflogger:
    :path: "../node_modules/react-native/ReactCommon/reactperflogger"
  React-RCTActionSheet:
    :path: "../node_modules/react-native/Libraries/ActionSheetIOS"
  React-RCTAnimation:
    :path: "../node_modules/react-native/Libraries/NativeAnimation"
  React-RCTBlob:
    :path: "../node_modules/react-native/Libraries/Blob"
  React-RCTImage:
    :path: "../node_modules/react-native/Libraries/Image"
  React-RCTLinking:
    :path: "../node_modules/react-native/Libraries/LinkingIOS"
  React-RCTNetwork:
    :path: "../node_modules/react-native/Libraries/Network"
  React-RCTSettings:
    :path: "../node_modules/react-native/Libraries/Settings"
  React-RCTText:
    :path: "../node_modules/react-native/Libraries/Text"
  React-RCTVibration:
    :path: "../node_modules/react-native/Libraries/Vibration"
  React-runtimeexecutor:
    :path: "../node_modules/react-native/ReactCommon/runtimeexecutor"
  ReactCommon:
    :path: "../node_modules/react-native/ReactCommon"
  ReactNativeCameraKit:
    :path: "../node_modules/react-native-camera-kit"
  RNVectorIcons:
    :path: "../node_modules/react-native-vector-icons"
  Yoga:
    :path: "../node_modules/react-native/ReactCommon/yoga"

SPEC CHECKSUMS:
  boost: a7c83b31436843459a1961bfd74b96033dc77234
  DoubleConversion: 5189b271737e1565bdce30deb4a08d647e3f5f54
  FBLazyVector: c7b6997d41fffaaaf4d18c82bc93885df731e2d0
  FBReactNativeSpec: b1217c558a3ae84c2057d9c2ddce88af21379a68
  fmt: ff9d55029c625d3757ed641535fd4a75fedc7ce9
  glog: 3d02b25ca00c2d456734d0bcff864cbc62f6ae1a
  RCT-Folly: b9d9fe1fc70114b751c076104e52f3b1b5e5a95a
  RCTRequired: 344fd6fb3c669da87e91294be7ee0199bf35c701
  RCTTypeSafety: ca608cc1d3a81229632bc0c1136b698b9337c1d8
  React: 1d76bae8d73113b202224075f0b0bd546996b328
  React-bridging: 2eb62dc8ba31194d285705cb62e24a15753aeaec
  React-callinvoker: f3cfb045a0fb185445542555d88b6acf385cbedc
  React-Codegen: 808e2d4d4201583ac89fb40d6862aaa26cb88999
  React-Core: 82c5392ab182252ce4ffbc16794e0e38b32ea9a1
  React-CoreModules: 4e891a6c0a59b01ca8406e041c7e49ab12e51d48
  React-cxxreact: 0dc4ba3d97839bd36d422592ddb0bdfa9940a990
  React-jsi: dcd936ff5e580dba0d8644ac9ee4ca47bb166df1
  React-jsiexecutor: 2cf8ea3753afb81dfcc386613dbbb0b5d155fb34
  React-jsinspector: 0eda09e9cf22bbb5dbb1d23143b03a31acf37d67
  React-logger: 5997ab008583826c10ffe4e1ff990363e975639d
  react-native-safe-area-context: 0ee144a6170530ccc37a0fd9388e28d06f516a89
  react-native-update: a7f136a3c87183b13c7ff5c4f9d2b614930968ad
  React-perflogger: ad1416a715d86b32f456e5d0aed99c3b52f1de37
  React-RCTActionSheet: cbf7c6a953982562418ee72a1084ff7b9447b558
  React-RCTAnimation: 33df3e25824dd7313edec28dded2745542f9352b
  React-RCTBlob: 2434411df0d2d0e6567445a995f6678e2cc1d8e3
  React-RCTImage: 0b912ab4255ea5ec903d06c77f5a23cea9e9c988
  React-RCTLinking: eb239c24f4f5fe79c57a2fedf45f34f40481dda3
  React-RCTNetwork: db173a6c35c1212909944920a5aa03eb8b7b9cf4
  React-RCTSettings: 687fa7538972467d80cd7729b6f86598e1369813
  React-RCTText: 605ef414f8e72bd111945d3612cd0518de612b24
  React-RCTVibration: 5462287ee85304ba1a00474665ab292e63a41663
  React-runtimeexecutor: 9df680f18497367bcf5c15b6b6406c0f2dfa2b6a
  ReactCommon: c10f046f3ef8561e7c8e7e9b9dae2ecc9ffc48ef
  ReactNativeCameraKit: 4bec78d688adcd68772af2834d5c30a6a8e2a384
  RNVectorIcons: bc7ee28cadf39c77a49232a14738dfce690f66cd
  SSZipArchive: fe6a26b2a54d5a0890f2567b5cc6de5caa600aef
  Yoga: d3820731e0ca3a4933f061ad29defaf7726e3251

PODFILE CHECKSUM: d91298a06dc138c1778443a87db930ad51725939

COCOAPODS: 1.15.2
