// !$*UTF8*$!
{
	archiveVersion = 1;
	classes = {
	};
	objectVersion = 46;
	objects = {

/* Begin PBXBuildFile section */
		91C5F0031C76ECA90037E727 /* RCTHotUpdate.h in CopyFiles */ = {isa = PBXBuildFile; fileRef = 91C5F0021C76ECA90037E727 /* RCTHotUpdate.h */; };
		91C5F0051C76ECA90037E727 /* RCTHotUpdate.m in Sources */ = {isa = PBXBuildFile; fileRef = 91C5F0041C76ECA90037E727 /* RCTHotUpdate.m */; };
		9F1BCB1D1CAE5937000EF2CB /* RCTHotUpdateManager.m in Sources */ = {isa = PBXBuildFile; fileRef = 9F1BCB1C1CAE5937000EF2CB /* RCTHotUpdateManager.m */; };
		9F1BCB461CAF6B3E000EF2CB /* bspatch.c in Sources */ = {isa = PBXBuildFile; fileRef = 9F1BCB3B1CAF6B3E000EF2CB /* bspatch.c */; };
		9F1BCB4F1CAF6B68000EF2CB /* BSDiff.m in Sources */ = {isa = PBXBuildFile; fileRef = 9F1BCB4E1CAF6B68000EF2CB /* BSDiff.m */; };
		9F292F7D1C7C44290095945D /* RCTHotUpdateDownloader.m in Sources */ = {isa = PBXBuildFile; fileRef = 9F292F7C1C7C44290095945D /* RCTHotUpdateDownloader.m */; };
		9F394D7D1C7C25DC00C794C0 /* aescrypt.c in Sources */ = {isa = PBXBuildFile; fileRef = 9F394D5B1C7C25DC00C794C0 /* aescrypt.c */; };
		9F394D7E1C7C25DC00C794C0 /* aeskey.c in Sources */ = {isa = PBXBuildFile; fileRef = 9F394D5C1C7C25DC00C794C0 /* aeskey.c */; };
		9F394D7F1C7C25DC00C794C0 /* aestab.c in Sources */ = {isa = PBXBuildFile; fileRef = 9F394D5E1C7C25DC00C794C0 /* aestab.c */; };
		9F394D801C7C25DC00C794C0 /* entropy.c in Sources */ = {isa = PBXBuildFile; fileRef = 9F394D621C7C25DC00C794C0 /* entropy.c */; };
		9F394D811C7C25DC00C794C0 /* fileenc.c in Sources */ = {isa = PBXBuildFile; fileRef = 9F394D641C7C25DC00C794C0 /* fileenc.c */; };
		9F394D821C7C25DC00C794C0 /* hmac.c in Sources */ = {isa = PBXBuildFile; fileRef = 9F394D661C7C25DC00C794C0 /* hmac.c */; };
		9F394D831C7C25DC00C794C0 /* prng.c in Sources */ = {isa = PBXBuildFile; fileRef = 9F394D681C7C25DC00C794C0 /* prng.c */; };
		9F394D841C7C25DC00C794C0 /* pwd2key.c in Sources */ = {isa = PBXBuildFile; fileRef = 9F394D6A1C7C25DC00C794C0 /* pwd2key.c */; };
		9F394D851C7C25DC00C794C0 /* sha1.c in Sources */ = {isa = PBXBuildFile; fileRef = 9F394D6C1C7C25DC00C794C0 /* sha1.c */; };
		9F394D861C7C25DC00C794C0 /* ioapi.c in Sources */ = {isa = PBXBuildFile; fileRef = 9F394D721C7C25DC00C794C0 /* ioapi.c */; };
		9F394D871C7C25DC00C794C0 /* mztools.c in Sources */ = {isa = PBXBuildFile; fileRef = 9F394D741C7C25DC00C794C0 /* mztools.c */; };
		9F394D881C7C25DC00C794C0 /* unzip.c in Sources */ = {isa = PBXBuildFile; fileRef = 9F394D761C7C25DC00C794C0 /* unzip.c */; };
		9F394D891C7C25DC00C794C0 /* zip.c in Sources */ = {isa = PBXBuildFile; fileRef = 9F394D781C7C25DC00C794C0 /* zip.c */; };
		9F394D8A1C7C25DC00C794C0 /* SSZipArchive.m in Sources */ = {isa = PBXBuildFile; fileRef = 9F394D7B1C7C25DC00C794C0 /* SSZipArchive.m */; };
/* End PBXBuildFile section */

/* Begin PBXCopyFilesBuildPhase section */
		91C5EFFD1C76ECA90037E727 /* CopyFiles */ = {
			isa = PBXCopyFilesBuildPhase;
			buildActionMask = 2147483647;
			dstPath = "include/$(PRODUCT_NAME)";
			dstSubfolderSpec = 16;
			files = (
				91C5F0031C76ECA90037E727 /* RCTHotUpdate.h in CopyFiles */,
			);
			runOnlyForDeploymentPostprocessing = 0;
		};
/* End PBXCopyFilesBuildPhase section */

/* Begin PBXFileReference section */
		91C5EFFF1C76ECA90037E727 /* libRCTHotUpdate.a */ = {isa = PBXFileReference; explicitFileType = archive.ar; includeInIndex = 0; path = libRCTHotUpdate.a; sourceTree = BUILT_PRODUCTS_DIR; };
		91C5F0021C76ECA90037E727 /* RCTHotUpdate.h */ = {isa = PBXFileReference; lastKnownFileType = sourcecode.c.h; path = RCTHotUpdate.h; sourceTree = "<group>"; };
		91C5F0041C76ECA90037E727 /* RCTHotUpdate.m */ = {isa = PBXFileReference; lastKnownFileType = sourcecode.c.objc; path = RCTHotUpdate.m; sourceTree = "<group>"; };
		9F1BCB1B1CAE5937000EF2CB /* RCTHotUpdateManager.h */ = {isa = PBXFileReference; fileEncoding = 4; lastKnownFileType = sourcecode.c.h; path = RCTHotUpdateManager.h; sourceTree = "<group>"; };
		9F1BCB1C1CAE5937000EF2CB /* RCTHotUpdateManager.m */ = {isa = PBXFileReference; fileEncoding = 4; lastKnownFileType = sourcecode.c.objc; path = RCTHotUpdateManager.m; sourceTree = "<group>"; };
		9F1BCB3B1CAF6B3E000EF2CB /* bspatch.c */ = {isa = PBXFileReference; fileEncoding = 4; lastKnownFileType = sourcecode.c.c; path = bspatch.c; sourceTree = "<group>"; };
		9F1BCB3C1CAF6B3E000EF2CB /* bspatch.h */ = {isa = PBXFileReference; fileEncoding = 4; lastKnownFileType = sourcecode.c.h; path = bspatch.h; sourceTree = "<group>"; };
		9F1BCB4D1CAF6B68000EF2CB /* BSDiff.h */ = {isa = PBXFileReference; fileEncoding = 4; lastKnownFileType = sourcecode.c.h; path = BSDiff.h; sourceTree = "<group>"; };
		9F1BCB4E1CAF6B68000EF2CB /* BSDiff.m */ = {isa = PBXFileReference; fileEncoding = 4; lastKnownFileType = sourcecode.c.objc; path = BSDiff.m; sourceTree = "<group>"; };
		9F292F7B1C7C44290095945D /* RCTHotUpdateDownloader.h */ = {isa = PBXFileReference; fileEncoding = 4; lastKnownFileType = sourcecode.c.h; path = RCTHotUpdateDownloader.h; sourceTree = "<group>"; };
		9F292F7C1C7C44290095945D /* RCTHotUpdateDownloader.m */ = {isa = PBXFileReference; fileEncoding = 4; lastKnownFileType = sourcecode.c.objc; path = RCTHotUpdateDownloader.m; sourceTree = "<group>"; };
		9F394D591C7C25DC00C794C0 /* aes.h */ = {isa = PBXFileReference; fileEncoding = 4; lastKnownFileType = sourcecode.c.h; path = aes.h; sourceTree = "<group>"; };
		9F394D5A1C7C25DC00C794C0 /* aes_via_ace.h */ = {isa = PBXFileReference; fileEncoding = 4; lastKnownFileType = sourcecode.c.h; path = aes_via_ace.h; sourceTree = "<group>"; };
		9F394D5B1C7C25DC00C794C0 /* aescrypt.c */ = {isa = PBXFileReference; fileEncoding = 4; lastKnownFileType = sourcecode.c.c; path = aescrypt.c; sourceTree = "<group>"; };
		9F394D5C1C7C25DC00C794C0 /* aeskey.c */ = {isa = PBXFileReference; fileEncoding = 4; lastKnownFileType = sourcecode.c.c; path = aeskey.c; sourceTree = "<group>"; };
		9F394D5D1C7C25DC00C794C0 /* aesopt.h */ = {isa = PBXFileReference; fileEncoding = 4; lastKnownFileType = sourcecode.c.h; path = aesopt.h; sourceTree = "<group>"; };
		9F394D5E1C7C25DC00C794C0 /* aestab.c */ = {isa = PBXFileReference; fileEncoding = 4; lastKnownFileType = sourcecode.c.c; path = aestab.c; sourceTree = "<group>"; };
		9F394D5F1C7C25DC00C794C0 /* aestab.h */ = {isa = PBXFileReference; fileEncoding = 4; lastKnownFileType = sourcecode.c.h; path = aestab.h; sourceTree = "<group>"; };
		9F394D601C7C25DC00C794C0 /* brg_endian.h */ = {isa = PBXFileReference; fileEncoding = 4; lastKnownFileType = sourcecode.c.h; path = brg_endian.h; sourceTree = "<group>"; };
		9F394D611C7C25DC00C794C0 /* brg_types.h */ = {isa = PBXFileReference; fileEncoding = 4; lastKnownFileType = sourcecode.c.h; path = brg_types.h; sourceTree = "<group>"; };
		9F394D621C7C25DC00C794C0 /* entropy.c */ = {isa = PBXFileReference; fileEncoding = 4; lastKnownFileType = sourcecode.c.c; path = entropy.c; sourceTree = "<group>"; };
		9F394D631C7C25DC00C794C0 /* entropy.h */ = {isa = PBXFileReference; fileEncoding = 4; lastKnownFileType = sourcecode.c.h; path = entropy.h; sourceTree = "<group>"; };
		9F394D641C7C25DC00C794C0 /* fileenc.c */ = {isa = PBXFileReference; fileEncoding = 4; lastKnownFileType = sourcecode.c.c; path = fileenc.c; sourceTree = "<group>"; };
		9F394D651C7C25DC00C794C0 /* fileenc.h */ = {isa = PBXFileReference; fileEncoding = 4; lastKnownFileType = sourcecode.c.h; path = fileenc.h; sourceTree = "<group>"; };
		9F394D661C7C25DC00C794C0 /* hmac.c */ = {isa = PBXFileReference; fileEncoding = 4; lastKnownFileType = sourcecode.c.c; path = hmac.c; sourceTree = "<group>"; };
		9F394D671C7C25DC00C794C0 /* hmac.h */ = {isa = PBXFileReference; fileEncoding = 4; lastKnownFileType = sourcecode.c.h; path = hmac.h; sourceTree = "<group>"; };
		9F394D681C7C25DC00C794C0 /* prng.c */ = {isa = PBXFileReference; fileEncoding = 4; lastKnownFileType = sourcecode.c.c; path = prng.c; sourceTree = "<group>"; };
		9F394D691C7C25DC00C794C0 /* prng.h */ = {isa = PBXFileReference; fileEncoding = 4; lastKnownFileType = sourcecode.c.h; path = prng.h; sourceTree = "<group>"; };
		9F394D6A1C7C25DC00C794C0 /* pwd2key.c */ = {isa = PBXFileReference; fileEncoding = 4; lastKnownFileType = sourcecode.c.c; path = pwd2key.c; sourceTree = "<group>"; };
		9F394D6B1C7C25DC00C794C0 /* pwd2key.h */ = {isa = PBXFileReference; fileEncoding = 4; lastKnownFileType = sourcecode.c.h; path = pwd2key.h; sourceTree = "<group>"; };
		9F394D6C1C7C25DC00C794C0 /* sha1.c */ = {isa = PBXFileReference; fileEncoding = 4; lastKnownFileType = sourcecode.c.c; path = sha1.c; sourceTree = "<group>"; };
		9F394D6D1C7C25DC00C794C0 /* sha1.h */ = {isa = PBXFileReference; fileEncoding = 4; lastKnownFileType = sourcecode.c.h; path = sha1.h; sourceTree = "<group>"; };
		9F394D6E1C7C25DC00C794C0 /* Common.h */ = {isa = PBXFileReference; fileEncoding = 4; lastKnownFileType = sourcecode.c.h; path = Common.h; sourceTree = "<group>"; };
		9F394D6F1C7C25DC00C794C0 /* Info.plist */ = {isa = PBXFileReference; fileEncoding = 4; lastKnownFileType = text.plist.xml; path = Info.plist; sourceTree = "<group>"; };
		9F394D711C7C25DC00C794C0 /* crypt.h */ = {isa = PBXFileReference; fileEncoding = 4; lastKnownFileType = sourcecode.c.h; path = crypt.h; sourceTree = "<group>"; };
		9F394D721C7C25DC00C794C0 /* ioapi.c */ = {isa = PBXFileReference; fileEncoding = 4; lastKnownFileType = sourcecode.c.c; path = ioapi.c; sourceTree = "<group>"; };
		9F394D731C7C25DC00C794C0 /* ioapi.h */ = {isa = PBXFileReference; fileEncoding = 4; lastKnownFileType = sourcecode.c.h; path = ioapi.h; sourceTree = "<group>"; };
		9F394D741C7C25DC00C794C0 /* mztools.c */ = {isa = PBXFileReference; fileEncoding = 4; lastKnownFileType = sourcecode.c.c; path = mztools.c; sourceTree = "<group>"; };
		9F394D751C7C25DC00C794C0 /* mztools.h */ = {isa = PBXFileReference; fileEncoding = 4; lastKnownFileType = sourcecode.c.h; path = mztools.h; sourceTree = "<group>"; };
		9F394D761C7C25DC00C794C0 /* unzip.c */ = {isa = PBXFileReference; fileEncoding = 4; lastKnownFileType = sourcecode.c.c; path = unzip.c; sourceTree = "<group>"; };
		9F394D771C7C25DC00C794C0 /* unzip.h */ = {isa = PBXFileReference; fileEncoding = 4; lastKnownFileType = sourcecode.c.h; path = unzip.h; sourceTree = "<group>"; };
		9F394D781C7C25DC00C794C0 /* zip.c */ = {isa = PBXFileReference; fileEncoding = 4; lastKnownFileType = sourcecode.c.c; path = zip.c; sourceTree = "<group>"; };
		9F394D791C7C25DC00C794C0 /* zip.h */ = {isa = PBXFileReference; fileEncoding = 4; lastKnownFileType = sourcecode.c.h; path = zip.h; sourceTree = "<group>"; };
		9F394D7A1C7C25DC00C794C0 /* SSZipArchive.h */ = {isa = PBXFileReference; fileEncoding = 4; lastKnownFileType = sourcecode.c.h; path = SSZipArchive.h; sourceTree = "<group>"; };
		9F394D7B1C7C25DC00C794C0 /* SSZipArchive.m */ = {isa = PBXFileReference; fileEncoding = 4; lastKnownFileType = sourcecode.c.objc; path = SSZipArchive.m; sourceTree = "<group>"; };
		9F394D7C1C7C25DC00C794C0 /* ZipArchive.h */ = {isa = PBXFileReference; fileEncoding = 4; lastKnownFileType = sourcecode.c.h; path = ZipArchive.h; sourceTree = "<group>"; };
/* End PBXFileReference section */

/* Begin PBXFrameworksBuildPhase section */
		91C5EFFC1C76ECA90037E727 /* Frameworks */ = {
			isa = PBXFrameworksBuildPhase;
			buildActionMask = 2147483647;
			files = (
			);
			runOnlyForDeploymentPostprocessing = 0;
		};
/* End PBXFrameworksBuildPhase section */

/* Begin PBXGroup section */
		91C5EFF61C76ECA90037E727 = {
			isa = PBXGroup;
			children = (
				91C5F0011C76ECA90037E727 /* RCTHotUpdate */,
				91C5F0001C76ECA90037E727 /* Products */,
			);
			sourceTree = "<group>";
		};
		91C5F0001C76ECA90037E727 /* Products */ = {
			isa = PBXGroup;
			children = (
				91C5EFFF1C76ECA90037E727 /* libRCTHotUpdate.a */,
			);
			name = Products;
			sourceTree = "<group>";
		};
		91C5F0011C76ECA90037E727 /* RCTHotUpdate */ = {
			isa = PBXGroup;
			children = (
				9F1BCB381CAF6B3E000EF2CB /* BSDiff */,
				9F394D571C7C25DC00C794C0 /* SSZipArchive */,
				91C5F0021C76ECA90037E727 /* RCTHotUpdate.h */,
				91C5F0041C76ECA90037E727 /* RCTHotUpdate.m */,
				9F1BCB1B1CAE5937000EF2CB /* RCTHotUpdateManager.h */,
				9F1BCB1C1CAE5937000EF2CB /* RCTHotUpdateManager.m */,
				9F292F7B1C7C44290095945D /* RCTHotUpdateDownloader.h */,
				9F292F7C1C7C44290095945D /* RCTHotUpdateDownloader.m */,
			);
			path = RCTHotUpdate;
			sourceTree = "<group>";
		};
		9F1BCB381CAF6B3E000EF2CB /* BSDiff */ = {
			isa = PBXGroup;
			children = (
				9F1BCB391CAF6B3E000EF2CB /* bzip */,
				9F1BCB4D1CAF6B68000EF2CB /* BSDiff.h */,
				9F1BCB4E1CAF6B68000EF2CB /* BSDiff.m */,
			);
			path = BSDiff;
			sourceTree = "<group>";
		};
		9F1BCB391CAF6B3E000EF2CB /* bzip */ = {
			isa = PBXGroup;
			children = (
				9F1BCB3B1CAF6B3E000EF2CB /* bspatch.c */,
				9F1BCB3C1CAF6B3E000EF2CB /* bspatch.h */,
			);
			path = bzip;
			sourceTree = "<group>";
		};
		9F394D571C7C25DC00C794C0 /* SSZipArchive */ = {
			isa = PBXGroup;
			children = (
				9F394D581C7C25DC00C794C0 /* aes */,
				9F394D6E1C7C25DC00C794C0 /* Common.h */,
				9F394D6F1C7C25DC00C794C0 /* Info.plist */,
				9F394D701C7C25DC00C794C0 /* minizip */,
				9F394D7A1C7C25DC00C794C0 /* SSZipArchive.h */,
				9F394D7B1C7C25DC00C794C0 /* SSZipArchive.m */,
				9F394D7C1C7C25DC00C794C0 /* ZipArchive.h */,
			);
			path = SSZipArchive;
			sourceTree = "<group>";
		};
		9F394D581C7C25DC00C794C0 /* aes */ = {
			isa = PBXGroup;
			children = (
				9F394D591C7C25DC00C794C0 /* aes.h */,
				9F394D5A1C7C25DC00C794C0 /* aes_via_ace.h */,
				9F394D5B1C7C25DC00C794C0 /* aescrypt.c */,
				9F394D5C1C7C25DC00C794C0 /* aeskey.c */,
				9F394D5D1C7C25DC00C794C0 /* aesopt.h */,
				9F394D5E1C7C25DC00C794C0 /* aestab.c */,
				9F394D5F1C7C25DC00C794C0 /* aestab.h */,
				9F394D601C7C25DC00C794C0 /* brg_endian.h */,
				9F394D611C7C25DC00C794C0 /* brg_types.h */,
				9F394D621C7C25DC00C794C0 /* entropy.c */,
				9F394D631C7C25DC00C794C0 /* entropy.h */,
				9F394D641C7C25DC00C794C0 /* fileenc.c */,
				9F394D651C7C25DC00C794C0 /* fileenc.h */,
				9F394D661C7C25DC00C794C0 /* hmac.c */,
				9F394D671C7C25DC00C794C0 /* hmac.h */,
				9F394D681C7C25DC00C794C0 /* prng.c */,
				9F394D691C7C25DC00C794C0 /* prng.h */,
				9F394D6A1C7C25DC00C794C0 /* pwd2key.c */,
				9F394D6B1C7C25DC00C794C0 /* pwd2key.h */,
				9F394D6C1C7C25DC00C794C0 /* sha1.c */,
				9F394D6D1C7C25DC00C794C0 /* sha1.h */,
			);
			path = aes;
			sourceTree = "<group>";
		};
		9F394D701C7C25DC00C794C0 /* minizip */ = {
			isa = PBXGroup;
			children = (
				9F394D711C7C25DC00C794C0 /* crypt.h */,
				9F394D721C7C25DC00C794C0 /* ioapi.c */,
				9F394D731C7C25DC00C794C0 /* ioapi.h */,
				9F394D741C7C25DC00C794C0 /* mztools.c */,
				9F394D751C7C25DC00C794C0 /* mztools.h */,
				9F394D761C7C25DC00C794C0 /* unzip.c */,
				9F394D771C7C25DC00C794C0 /* unzip.h */,
				9F394D781C7C25DC00C794C0 /* zip.c */,
				9F394D791C7C25DC00C794C0 /* zip.h */,
			);
			path = minizip;
			sourceTree = "<group>";
		};
/* End PBXGroup section */

/* Begin PBXNativeTarget section */
		91C5EFFE1C76ECA90037E727 /* RCTHotUpdate */ = {
			isa = PBXNativeTarget;
			buildConfigurationList = 91C5F0081C76ECA90037E727 /* Build configuration list for PBXNativeTarget "RCTHotUpdate" */;
			buildPhases = (
				91C5EFFB1C76ECA90037E727 /* Sources */,
				91C5EFFC1C76ECA90037E727 /* Frameworks */,
				91C5EFFD1C76ECA90037E727 /* CopyFiles */,
			);
			buildRules = (
			);
			dependencies = (
			);
			name = RCTHotUpdate;
			productName = RCTHotUpdate;
			productReference = 91C5EFFF1C76ECA90037E727 /* libRCTHotUpdate.a */;
			productType = "com.apple.product-type.library.static";
		};
/* End PBXNativeTarget section */

/* Begin PBXProject section */
		91C5EFF71C76ECA90037E727 /* Project object */ = {
			isa = PBXProject;
			attributes = {
				LastUpgradeCheck = 0720;
				ORGANIZATIONNAME = erica;
				TargetAttributes = {
					91C5EFFE1C76ECA90037E727 = {
						CreatedOnToolsVersion = 7.2;
					};
				};
			};
			buildConfigurationList = 91C5EFFA1C76ECA90037E727 /* Build configuration list for PBXProject "RCTHotUpdate" */;
			compatibilityVersion = "Xcode 3.2";
			developmentRegion = English;
			hasScannedForEncodings = 0;
			knownRegions = (
				en,
			);
			mainGroup = 91C5EFF61C76ECA90037E727;
			productRefGroup = 91C5F0001C76ECA90037E727 /* Products */;
			projectDirPath = "";
			projectRoot = "";
			targets = (
				91C5EFFE1C76ECA90037E727 /* RCTHotUpdate */,
			);
		};
/* End PBXProject section */

/* Begin PBXSourcesBuildPhase section */
		91C5EFFB1C76ECA90037E727 /* Sources */ = {
			isa = PBXSourcesBuildPhase;
			buildActionMask = 2147483647;
			files = (
				9F394D851C7C25DC00C794C0 /* sha1.c in Sources */,
				9F394D811C7C25DC00C794C0 /* fileenc.c in Sources */,
				9F394D871C7C25DC00C794C0 /* mztools.c in Sources */,
				9F394D821C7C25DC00C794C0 /* hmac.c in Sources */,
				9F394D881C7C25DC00C794C0 /* unzip.c in Sources */,
				9F1BCB1D1CAE5937000EF2CB /* RCTHotUpdateManager.m in Sources */,
				9F1BCB4F1CAF6B68000EF2CB /* BSDiff.m in Sources */,
				9F394D7E1C7C25DC00C794C0 /* aeskey.c in Sources */,
				9F394D7F1C7C25DC00C794C0 /* aestab.c in Sources */,
				9F394D7D1C7C25DC00C794C0 /* aescrypt.c in Sources */,
				9F394D801C7C25DC00C794C0 /* entropy.c in Sources */,
				9F292F7D1C7C44290095945D /* RCTHotUpdateDownloader.m in Sources */,
				9F394D831C7C25DC00C794C0 /* prng.c in Sources */,
				9F394D861C7C25DC00C794C0 /* ioapi.c in Sources */,
				9F1BCB461CAF6B3E000EF2CB /* bspatch.c in Sources */,
				9F394D8A1C7C25DC00C794C0 /* SSZipArchive.m in Sources */,
				9F394D891C7C25DC00C794C0 /* zip.c in Sources */,
				9F394D841C7C25DC00C794C0 /* pwd2key.c in Sources */,
				91C5F0051C76ECA90037E727 /* RCTHotUpdate.m in Sources */,
			);
			runOnlyForDeploymentPostprocessing = 0;
		};
/* End PBXSourcesBuildPhase section */

/* Begin XCBuildConfiguration section */
		91C5F0061C76ECA90037E727 /* Debug */ = {
			isa = XCBuildConfiguration;
			buildSettings = {
				ALWAYS_SEARCH_USER_PATHS = NO;
				CLANG_CXX_LANGUAGE_STANDARD = "gnu++0x";
				CLANG_CXX_LIBRARY = "libc++";
				CLANG_ENABLE_MODULES = YES;
				CLANG_ENABLE_OBJC_ARC = YES;
				CLANG_WARN_BOOL_CONVERSION = YES;
				CLANG_WARN_CONSTANT_CONVERSION = YES;
				CLANG_WARN_DIRECT_OBJC_ISA_USAGE = YES_ERROR;
				CLANG_WARN_EMPTY_BODY = YES;
				CLANG_WARN_ENUM_CONVERSION = YES;
				CLANG_WARN_INT_CONVERSION = YES;
				CLANG_WARN_OBJC_ROOT_CLASS = YES_ERROR;
				CLANG_WARN_UNREACHABLE_CODE = YES;
				CLANG_WARN__DUPLICATE_METHOD_MATCH = YES;
				"CODE_SIGN_IDENTITY[sdk=iphoneos*]" = "iPhone Developer";
				COPY_PHASE_STRIP = NO;
				DEBUG_INFORMATION_FORMAT = dwarf;
				ENABLE_STRICT_OBJC_MSGSEND = YES;
				ENABLE_TESTABILITY = YES;
				GCC_C_LANGUAGE_STANDARD = gnu99;
				GCC_DYNAMIC_NO_PIC = NO;
				GCC_NO_COMMON_BLOCKS = YES;
				GCC_OPTIMIZATION_LEVEL = 0;
				GCC_PREPROCESSOR_DEFINITIONS = (
					"DEBUG=1",
					"$(inherited)",
				);
				GCC_WARN_64_TO_32_BIT_CONVERSION = YES;
				GCC_WARN_ABOUT_RETURN_TYPE = YES_ERROR;
				GCC_WARN_UNDECLARED_SELECTOR = YES;
				GCC_WARN_UNINITIALIZED_AUTOS = YES_AGGRESSIVE;
				GCC_WARN_UNUSED_FUNCTION = YES;
				GCC_WARN_UNUSED_VARIABLE = YES;
				IPHONEOS_DEPLOYMENT_TARGET = 8.0;
				MTL_ENABLE_DEBUG_INFO = YES;
				ONLY_ACTIVE_ARCH = YES;
				SDKROOT = iphoneos;
			};
			name = Debug;
		};
		91C5F0071C76ECA90037E727 /* Release */ = {
			isa = XCBuildConfiguration;
			buildSettings = {
				ALWAYS_SEARCH_USER_PATHS = NO;
				CLANG_CXX_LANGUAGE_STANDARD = "gnu++0x";
				CLANG_CXX_LIBRARY = "libc++";
				CLANG_ENABLE_MODULES = YES;
				CLANG_ENABLE_OBJC_ARC = YES;
				CLANG_WARN_BOOL_CONVERSION = YES;
				CLANG_WARN_CONSTANT_CONVERSION = YES;
				CLANG_WARN_DIRECT_OBJC_ISA_USAGE = YES_ERROR;
				CLANG_WARN_EMPTY_BODY = YES;
				CLANG_WARN_ENUM_CONVERSION = YES;
				CLANG_WARN_INT_CONVERSION = YES;
				CLANG_WARN_OBJC_ROOT_CLASS = YES_ERROR;
				CLANG_WARN_UNREACHABLE_CODE = YES;
				CLANG_WARN__DUPLICATE_METHOD_MATCH = YES;
				"CODE_SIGN_IDENTITY[sdk=iphoneos*]" = "iPhone Developer";
				COPY_PHASE_STRIP = NO;
				DEBUG_INFORMATION_FORMAT = "dwarf-with-dsym";
				ENABLE_NS_ASSERTIONS = NO;
				ENABLE_STRICT_OBJC_MSGSEND = YES;
				GCC_C_LANGUAGE_STANDARD = gnu99;
				GCC_NO_COMMON_BLOCKS = YES;
				GCC_WARN_64_TO_32_BIT_CONVERSION = YES;
				GCC_WARN_ABOUT_RETURN_TYPE = YES_ERROR;
				GCC_WARN_UNDECLARED_SELECTOR = YES;
				GCC_WARN_UNINITIALIZED_AUTOS = YES_AGGRESSIVE;
				GCC_WARN_UNUSED_FUNCTION = YES;
				GCC_WARN_UNUSED_VARIABLE = YES;
				IPHONEOS_DEPLOYMENT_TARGET = 8.0;
				MTL_ENABLE_DEBUG_INFO = NO;
				SDKROOT = iphoneos;
				VALIDATE_PRODUCT = YES;
			};
			name = Release;
		};
		91C5F0091C76ECA90037E727 /* Debug */ = {
			isa = XCBuildConfiguration;
			buildSettings = {
				HEADER_SEARCH_PATHS = (
					"$(SRCROOT)/../../react-native/React/**",
					"$(BUILT_PRODUCTS_DIR)/include/**",
				);
				OTHER_LDFLAGS = "-ObjC";
				PRODUCT_NAME = "$(TARGET_NAME)";
				SKIP_INSTALL = YES;
			};
			name = Debug;
		};
		91C5F00A1C76ECA90037E727 /* Release */ = {
			isa = XCBuildConfiguration;
			buildSettings = {
				HEADER_SEARCH_PATHS = (
					"$(SRCROOT)/../../react-native/React/**",
					"$(BUILT_PRODUCTS_DIR)/include/**",
				);
				OTHER_LDFLAGS = "-ObjC";
				PRODUCT_NAME = "$(TARGET_NAME)";
				SKIP_INSTALL = YES;
			};
			name = Release;
		};
/* End XCBuildConfiguration section */

/* Begin XCConfigurationList section */
		91C5EFFA1C76ECA90037E727 /* Build configuration list for PBXProject "RCTHotUpdate" */ = {
			isa = XCConfigurationList;
			buildConfigurations = (
				91C5F0061C76ECA90037E727 /* Debug */,
				91C5F0071C76ECA90037E727 /* Release */,
			);
			defaultConfigurationIsVisible = 0;
			defaultConfigurationName = Release;
		};
		91C5F0081C76ECA90037E727 /* Build configuration list for PBXNativeTarget "RCTHotUpdate" */ = {
			isa = XCConfigurationList;
			buildConfigurations = (
				91C5F0091C76ECA90037E727 /* Debug */,
				91C5F00A1C76ECA90037E727 /* Release */,
			);
			defaultConfigurationIsVisible = 0;
			defaultConfigurationName = Release;
		};
/* End XCConfigurationList section */
	};
	rootObject = 91C5EFF71C76ECA90037E727 /* Project object */;
}
